<?xml version="1.0" encoding="utf-8"?>
<Project ToolsVersion="4.0" xmlns="http://schemas.microsoft.com/developer/msbuild/2003">
  <ItemGroup>
    <Filter Include="源文件">
      <UniqueIdentifier>{4FC737F1-C7A5-4376-A066-2A32D752A2FF}</UniqueIdentifier>
      <Extensions>cpp;c;cc;cxx;c++;cppm;ixx;def;odl;idl;hpj;bat;asm;asmx</Extensions>
    </Filter>
    <Filter Include="头文件">
      <UniqueIdentifier>{93995380-89BD-4b04-88EB-625FBE52EBFB}</UniqueIdentifier>
      <Extensions>h;hh;hpp;hxx;h++;hm;inl;inc;ipp;xsd</Extensions>
    </Filter>
  </ItemGroup>
  <ItemGroup>
    <ClCompile Include="CommandLine.cpp"><Filter>源文件</Filter></ClCompile>
    <ClCompile Include="Compiler.cpp"><Filter>源文件</Filter></ClCompile>
    <ClCompile Include="DxcCompilerApi.cpp"><Filter>源文件</Filter></ClCompile>
    <ClCompile Include="Result.cpp"><Filter>源文件</Filter></ClCompile>
    <ClCompile Include="ShaderOutputWriter.cpp"><Filter>源文件</Filter></ClCompile>
    <ClCompile Include="ShaderReflection.cpp"><Filter>源文件</Filter></ClCompile>
    <ClCompile Include="ShaderSourceInjector.cpp"><Filter>源文件</Filter></ClCompile>
    <ClCompile Include="SpirvReflectionReader.cpp"><Filter>源文件</Filter></ClCompile>
    <ClCompile Include="VspShaderFile.cpp"><Filter>源文件</Filter></ClCompile>
    <ClCompile Include="HLSLCC.cpp"><Filter>源文件</Filter></ClCompile>
  </ItemGroup>
  <ItemGroup>
    <ClInclude Include="CommandLine.h"><Filter>头文件</Filter></ClInclude>
    <ClInclude Include="Compiler.h"><Filter>头文件</Filter></ClInclude>
    <ClInclude Include="DxcCompilerApi.h"><Filter>头文件</Filter></ClInclude>
    <ClInclude Include="Result.h"><Filter>头文件</Filter></ClInclude>
    <ClInclude Include="ShaderOutputWriter.h"><Filter>头文件</Filter></ClInclude>
    <ClInclude Include="ShaderReflection.h"><Filter>头文件</Filter></ClInclude>
    <ClInclude Include="ShaderSourceInjector.h"><Filter>头文件</Filter></ClInclude>
    <ClInclude Include="SpirvReflectionReader.h"><Filter>头文件</Filter></ClInclude>
    <ClInclude Include="VspShaderFile.h"><Filter>头文件</Filter></ClInclude>
  </ItemGroup>
</Project>
